#MicroXplorer Configuration settings - do not modify
File.Version=5
KeepUserPlacement=false
Mcu.Family=STM32L1
Mcu.IP0=I2C1
Mcu.IP1=NVIC
Mcu.IP2=RCC
Mcu.IP3=RTC
Mcu.IP4=SPI1
Mcu.IP5=SYS
Mcu.IP6=USART1
Mcu.IPNb=7
Mcu.Name=STM32L151R(6-8-B)Hx
Mcu.Package=TFBGA64
Mcu.Pin0=PB4
Mcu.Pin1=PB3
Mcu.Pin10=PA5
Mcu.Pin11=PB15
Mcu.Pin12=PB14
Mcu.Pin13=PA0-WKUP1
Mcu.Pin14=PA6
Mcu.Pin15=PB13
Mcu.Pin16=PA1
Mcu.Pin17=PA4
Mcu.Pin18=PA7
Mcu.Pin19=PC4
Mcu.Pin2=PA15
Mcu.Pin20=PB12
Mcu.Pin21=VP_RTC_VS_RTC_WakeUp_intern
Mcu.Pin3=PA14
Mcu.Pin4=PA13
Mcu.Pin5=PB7
Mcu.Pin6=PA10
Mcu.Pin7=PA9
Mcu.Pin8=PB6
Mcu.Pin9=PA2
Mcu.PinsNb=22
Mcu.UserConstants=
Mcu.UserName=STM32L151RBHx
MxCube.Version=4.12.0
MxDb.Version=DB.4.0.120
NVIC.PriorityGroup=NVIC_PRIORITYGROUP_4
NVIC.RTC_WKUP_IRQn=true\:0\:0\:false
NVIC.SysTick_IRQn=true\:0\:0\:false
PA0-WKUP1.GPIOParameters=GPIO_PuPd,GPIO_Label
PA0-WKUP1.GPIO_Label=SP1ML_SHDN
PA0-WKUP1.GPIO_PuPd=GPIO_PULLUP
PA0-WKUP1.Locked=true
PA0-WKUP1.Signal=GPIO_Input
PA1.GPIOParameters=GPIO_Speed,GPIO_PuPd,GPIO_Label
PA1.GPIO_Label=SPIRIT_SDN
PA1.GPIO_PuPd=GPIO_PULLUP
PA1.GPIO_Speed=GPIO_SPEED_HIGH
PA1.Locked=true
PA1.Signal=GPIO_Output
PA10.GPIOParameters=GPIO_Label
PA10.GPIO_Label=USART1_RX
PA10.Locked=true
PA10.Mode=Asynchronous
PA10.Signal=USART1_RX
PA13.Locked=true
PA13.Mode=JTAG(5-pin)
PA13.Signal=SYS_JTMS-SWDIO
PA14.Locked=true
PA14.Mode=JTAG(5-pin)
PA14.Signal=SYS_JTCK-SWCLK
PA15.Mode=JTAG(5-pin)
PA15.Signal=SYS_JTDI
PA2.GPIOParameters=GPIO_Label,GPIO_ModeDefaultOutputPP
PA2.GPIO_Label=LED
PA2.GPIO_ModeDefaultOutputPP=GPIO_MODE_OUTPUT_OD
PA2.Locked=true
PA2.Signal=GPIO_Output
PA4.GPIOParameters=GPIO_Speed,GPIO_PuPd,GPIO_Label
PA4.GPIO_Label=SPI1_CS
PA4.GPIO_PuPd=GPIO_PULLUP
PA4.GPIO_Speed=GPIO_SPEED_HIGH
PA4.Locked=true
PA4.Signal=GPIO_Output
PA5.GPIOParameters=GPIO_PuPd,GPIO_Label
PA5.GPIO_Label=SPI1_SCK
PA5.GPIO_PuPd=GPIO_PULLUP
PA5.Locked=true
PA5.Mode=Full_Duplex_Master
PA5.Signal=SPI1_SCK
PA6.GPIOParameters=GPIO_PuPd,GPIO_Label
PA6.GPIO_Label=SPI1_MISO
PA6.GPIO_PuPd=GPIO_PULLDOWN
PA6.Locked=true
PA6.Mode=Full_Duplex_Master
PA6.Signal=SPI1_MISO
PA7.GPIOParameters=GPIO_PuPd,GPIO_Label
PA7.GPIO_Label=SPI1_MOSI
PA7.GPIO_PuPd=GPIO_PULLDOWN
PA7.Locked=true
PA7.Mode=Full_Duplex_Master
PA7.Signal=SPI1_MOSI
PA9.GPIOParameters=GPIO_Label
PA9.GPIO_Label=USART1_TX
PA9.Mode=Asynchronous
PA9.Signal=USART1_TX
PB12.GPIOParameters=GPIO_Label
PB12.GPIO_Label=MODE1
PB12.Locked=true
PB12.Signal=GPIO_Input
PB13.GPIOParameters=GPIO_Label
PB13.GPIO_Label=MODE0
PB13.Locked=true
PB13.Signal=GPIO_Input
PB14.GPIOParameters=GPIO_Label
PB14.GPIO_Label=GPIO1
PB14.Locked=true
PB14.Signal=GPIO_Input
PB15.GPIOParameters=GPIO_Label,GPIO_ModeDefaultOutputPP
PB15.GPIO_Label=GPIO0
PB15.GPIO_ModeDefaultOutputPP=GPIO_MODE_OUTPUT_OD
PB15.Locked=true
PB15.Signal=GPIO_Output
PB3.Mode=JTAG(5-pin)
PB3.Signal=SYS_JTDO-TRACESWO
PB4.Locked=true
PB4.Mode=JTAG(5-pin)
PB4.Signal=SYS_JTRST
PB6.GPIOParameters=GPIO_Label
PB6.GPIO_Label=I2C1_SCL
PB6.Locked=true
PB6.Mode=I2C
PB6.Signal=I2C1_SCL
PB7.GPIOParameters=GPIO_Label
PB7.GPIO_Label=I2C1_SDA
PB7.Locked=true
PB7.Mode=I2C
PB7.Signal=I2C1_SDA
PC4.GPIOParameters=GPIO_Label,GPIO_ModeDefaultEXTI
PC4.GPIO_Label=SPIRIT_IRQ
PC4.GPIO_ModeDefaultEXTI=GPIO_MODE_IT_FALLING
PC4.Locked=true
PC4.Signal=GPXTI4
PCC.Checker=false
PCC.Line=STM32L151/152
PCC.MCU=STM32L151R(6-8-B)Hx
PCC.MXVersion=4.12.0
PCC.PartNumber=STM32L151RBHx
PCC.Seq0=0
PCC.Series=STM32L1
PCC.Temperature=25
PCC.Vdd=3.6
ProjectManager.AskForMigrate=true
ProjectManager.BackupPrevious=false
ProjectManager.CompilerOptimize=2
ProjectManager.ComputerToolchain=false
ProjectManager.CoupleFile=true
ProjectManager.DeletePrevious=true
ProjectManager.DeviceId=STM32L151RBHx
ProjectManager.FirmwarePackage=STM32Cube FW_L1 V1.4.0
ProjectManager.FreePins=false
ProjectManager.HalAssertFull=false
ProjectManager.KeepUserCode=true
ProjectManager.LastFirmware=true
ProjectManager.LibraryCopy=0
ProjectManager.ProjectBuild=false
ProjectManager.ProjectFileName=sp1ml.ioc
ProjectManager.ProjectName=sp1ml
ProjectManager.TargetToolchain=SW4STM32
ProjectManager.ToolChainLocation=
RCC.AHBFreq_Value=2097000
RCC.APB1Freq_Value=2097000
RCC.APB2Freq_Value=2097000
RCC.FamilyName=M
RCC.HSE_VALUE=24000000
RCC.HSI_VALUE=16000000
RCC.IPParameters=FamilyName,MSI_VALUE,LSI_VALUE,HSI_VALUE,VCOOutputFreq_Value,PLLCLKFreq_Value,HSE_VALUE,RTCHSEDivFreq_Value,LSE_VALUE,RTCFreq_Value,SYSCLKFreq_VALUE,AHBFreq_Value,TIMFreq_Value,APB1Freq_Value,APB2Freq_Value
RCC.LSE_VALUE=32768
RCC.LSI_VALUE=37000
RCC.MSI_VALUE=2097000
RCC.PLLCLKFreq_Value=24000000
RCC.RTCFreq_Value=37000
RCC.RTCHSEDivFreq_Value=12000000
RCC.SYSCLKFreq_VALUE=2097000
RCC.TIMFreq_Value=2097000
RCC.VCOOutputFreq_Value=48000000
RTC.IPParameters=WakeUpCounter
RTC.WakeUpCounter=1024
SH.GPXTI4.0=GPIO_EXTI4
SH.GPXTI4.ConfNb=1
SPI1.BaudRatePrescaler=SPI_BAUDRATEPRESCALER_4
SPI1.CalculateBaudRate=524.25 KBits/s
SPI1.IPParameters=Mode,CalculateBaudRate,BaudRatePrescaler
SPI1.Mode=SPI_MODE_MASTER
VP_RTC_VS_RTC_WakeUp_intern.Mode=WakeUp
VP_RTC_VS_RTC_WakeUp_intern.Signal=RTC_VS_RTC_WakeUp_intern
board=sp1ml
